
Microsoft Visual Studio Solution File, Format Version 12.00
# Visual Studio Version 16
VisualStudioVersion = 16.0.29920.165
MinimumVisualStudioVersion = 10.0.40219.1
Project("{FAE04EC0-301F-11D3-BF4B-00C04F79EFBC}") = "LEDControl", "LEDControl\LEDControl.csproj", "{BF497788-CAE2-4086-B3F3-86D63AC355E3}"
EndProject
Project("{FAE04EC0-301F-11D3-BF4B-00C04F79EFBC}") = "Picker", "Picker\Picker.csproj", "{F8A8FB18-4906-4C0A-9281-128C897E9EBE}"
EndProject
Global
	GlobalSection(SolutionConfigurationPlatforms) = preSolution
		Debug|Any CPU = Debug|Any CPU
		Release|Any CPU = Release|Any CPU
	EndGlobalSection
	GlobalSection(ProjectConfigurationPlatforms) = postSolution
		{BF497788-CAE2-4086-B3F3-86D63AC355E3}.Debug|Any CPU.ActiveCfg = Debug|Any CPU
		{BF497788-CAE2-4086-B3F3-86D63AC355E3}.Debug|Any CPU.Build.0 = Debug|Any CPU
		{BF497788-CAE2-4086-B3F3-86D63AC355E3}.Debug|Any CPU.Deploy.0 = Debug|Any CPU
		{BF497788-CAE2-4086-B3F3-86D63AC355E3}.Release|Any CPU.ActiveCfg = Release|Any CPU
		{BF497788-CAE2-4086-B3F3-86D63AC355E3}.Release|Any CPU.Build.0 = Release|Any CPU
		{BF497788-CAE2-4086-B3F3-86D63AC355E3}.Release|Any CPU.Deploy.0 = Release|Any CPU
		{F8A8FB18-4906-4C0A-9281-128C897E9EBE}.Debug|Any CPU.ActiveCfg = Debug|Any CPU
		{F8A8FB18-4906-4C0A-9281-128C897E9EBE}.Debug|Any CPU.Build.0 = Debug|Any CPU
		{F8A8FB18-4906-4C0A-9281-128C897E9EBE}.Release|Any CPU.ActiveCfg = Release|Any CPU
		{F8A8FB18-4906-4C0A-9281-128C897E9EBE}.Release|Any CPU.Build.0 = Release|Any CPU
	EndGlobalSection
	GlobalSection(SolutionProperties) = preSolution
		HideSolutionNode = FALSE
	EndGlobalSection
	GlobalSection(ExtensibilityGlobals) = postSolution
		SolutionGuid = {4F4508BA-3430-49E4-B768-63772ED691C7}
	EndGlobalSection
EndGlobal
